
Microsoft Visual Studio Solution File, Format Version 12.00
# Visual Studio Version 16
VisualStudioVersion = 16.0.32510.428
MinimumVisualStudioVersion = 10.0.40219.1
Project("{F184B08F-C81C-45F6-A57F-5ABD9991F28F}") = "banco Estruct", "banco Estruct\banco Estruct.vbproj", "{BC2C51C1-9349-4E7A-913B-8CEE336295F9}"
EndProject
Global
	GlobalSection(SolutionConfigurationPlatforms) = preSolution
		Debug|Any CPU = Debug|Any CPU
		Release|Any CPU = Release|Any CPU
	EndGlobalSection
	GlobalSection(ProjectConfigurationPlatforms) = postSolution
		{BC2C51C1-9349-4E7A-913B-8CEE336295F9}.Debug|Any CPU.ActiveCfg = Debug|Any CPU
		{BC2C51C1-9349-4E7A-913B-8CEE336295F9}.Debug|Any CPU.Build.0 = Debug|Any CPU
		{BC2C51C1-9349-4E7A-913B-8CEE336295F9}.Release|Any CPU.ActiveCfg = Release|Any CPU
		{BC2C51C1-9349-4E7A-913B-8CEE336295F9}.Release|Any CPU.Build.0 = Release|Any CPU
	EndGlobalSection
	GlobalSection(SolutionProperties) = preSolution
		HideSolutionNode = FALSE
	EndGlobalSection
	GlobalSection(ExtensibilityGlobals) = postSolution
		SolutionGuid = {4539C4E2-7A9E-4F2F-A2FD-0A4B8215BDB0}
	EndGlobalSection
EndGlobal
